
Microsoft Visual Studio Solution File, Format Version 12.00
# Visual Studio Version 17
VisualStudioVersion = 17.3.32929.385
MinimumVisualStudioVersion = 10.0.40219.1
Project("{9A19103F-16F7-4668-BE54-9A1E7A4F7556}") = "Async", "Async.csproj", "{89E7D026-1E6A-4032-B5AD-CDF682DA77A8}"
EndProject
Project("{9A19103F-16F7-4668-BE54-9A1E7A4F7556}") = "NoAsync", "..\ConsoleApp1\NoAsync.csproj", "{AD1EA3F0-8490-4D65-98B2-CFF2151DD159}"
EndProject
Global
	GlobalSection(SolutionConfigurationPlatforms) = preSolution
		Debug|Any CPU = Debug|Any CPU
		Release|Any CPU = Release|Any CPU
	EndGlobalSection
	GlobalSection(ProjectConfigurationPlatforms) = postSolution
		{89E7D026-1E6A-4032-B5AD-CDF682DA77A8}.Debug|Any CPU.ActiveCfg = Debug|Any CPU
		{89E7D026-1E6A-4032-B5AD-CDF682DA77A8}.Debug|Any CPU.Build.0 = Debug|Any CPU
		{89E7D026-1E6A-4032-B5AD-CDF682DA77A8}.Release|Any CPU.ActiveCfg = Release|Any CPU
		{89E7D026-1E6A-4032-B5AD-CDF682DA77A8}.Release|Any CPU.Build.0 = Release|Any CPU
		{AD1EA3F0-8490-4D65-98B2-CFF2151DD159}.Debug|Any CPU.ActiveCfg = Debug|Any CPU
		{AD1EA3F0-8490-4D65-98B2-CFF2151DD159}.Debug|Any CPU.Build.0 = Debug|Any CPU
		{AD1EA3F0-8490-4D65-98B2-CFF2151DD159}.Release|Any CPU.ActiveCfg = Release|Any CPU
		{AD1EA3F0-8490-4D65-98B2-CFF2151DD159}.Release|Any CPU.Build.0 = Release|Any CPU
	EndGlobalSection
	GlobalSection(SolutionProperties) = preSolution
		HideSolutionNode = FALSE
	EndGlobalSection
	GlobalSection(ExtensibilityGlobals) = postSolution
		SolutionGuid = {10230985-EA4B-451F-B165-3A827D52BC87}
	EndGlobalSection
EndGlobal
